# This file is autogenerated, do not edit; changes may be undone by the next 'dep ensure'.


[[projects]]
  branch = "experiment"
  digest = "1:48e51e4075eee95a4ee01ae4e73ea1b4314b9764a4fe88f2ad1bffcd1f71433b"
  name = "github.com/rockacola/go-chance"
  packages = [
    ".",
    "data",
  ]
  pruneopts = "UT"
  revision = "28d5a2bb5bb6e9a36b83aee91538304e9dc12378"

[solve-meta]
  analyzer-name = "dep"
  analyzer-version = 1
  input-imports = ["github.com/rockacola/go-chance"]
  solver-name = "gps-cdcl"
  solver-version = 1
