# This file is autogenerated, do not edit; changes may be undone by the next 'dep ensure'.


[[projects]]
  branch = "experiment"
  digest = "1:739c9c45a7fed9c6831bbba9524a0754db9ff050967e8f0370c085bb2ee56007"
  name = "github.com/rockacola/go-chance"
  packages = [
    ".",
    "data",
  ]
  pruneopts = "UT"
  revision = "cbb342ddee09564ae0821734c57b9a1c27bd4f6d"

[solve-meta]
  analyzer-name = "dep"
  analyzer-version = 1
  input-imports = ["github.com/rockacola/go-chance"]
  solver-name = "gps-cdcl"
  solver-version = 1
